<?xml version="1.0" encoding="utf-8"?>
<Project ToolsVersion="4.0" xmlns="http://schemas.microsoft.com/developer/msbuild/2003">
  <ItemGroup>
    <Filter Include="Messages">
      <UniqueIdentifier>{596a5bf7-0702-459c-8356-9f4d12ec1247}</UniqueIdentifier>
    </Filter>
    <Filter Include="Messages\Source Files">
      <UniqueIdentifier>{d5addf02-f79f-42e4-8d27-143fc20db298}</UniqueIdentifier>
    </Filter>
    <Filter Include="Messages\Header Files">
      <UniqueIdentifier>{8f83cddc-3caf-4bb8-a575-48bb5a009f6a}</UniqueIdentifier>
    </Filter>
    <Filter Include="Components">
      <UniqueIdentifier>{43406862-7eab-4280-a9ad-e427e6ed13d1}</UniqueIdentifier>
    </Filter>
    <Filter Include="Components\Header Files">
      <UniqueIdentifier>{d8eec969-9503-47c4-be50-19dbea47f12d}</UniqueIdentifier>
    </Filter>
    <Filter Include="Components\Source Files">
      <UniqueIdentifier>{a796fd54-e9b4-4ee6-b381-5c6939a77d50}</UniqueIdentifier>
    </Filter>
    <Filter Include="Level">
      <UniqueIdentifier>{d18ad716-80b1-42c3-a8c1-eed5c721c897}</UniqueIdentifier>
    </Filter>
    <Filter Include="Level\Header Files">
      <UniqueIdentifier>{d4f44d41-15a3-457c-a5eb-1126fdb272e2}</UniqueIdentifier>
    </Filter>
    <Filter Include="Level\Source Files">
      <UniqueIdentifier>{fdc86c3c-7d06-40d5-be58-7f4e178c5bab}</UniqueIdentifier>
    </Filter>
    <Filter Include="Entity">
      <UniqueIdentifier>{1393ff10-d506-4d7d-9a81-0f360f02f2b2}</UniqueIdentifier>
    </Filter>
    <Filter Include="Entity\Header Files">
      <UniqueIdentifier>{4b2c2a08-478f-483a-a2ce-31461185d779}</UniqueIdentifier>
    </Filter>
    <Filter Include="Entity\Source Files">
      <UniqueIdentifier>{3118f248-1f52-487d-84d7-5f800d6a6cce}</UniqueIdentifier>
    </Filter>
  </ItemGroup>
  <ItemGroup>
    <ClCompile Include="..\..\Src\Classic\Messages\NotSoSmartPointer.cpp">
      <Filter>Messages\Source Files</Filter>
    </ClCompile>
    <ClCompile Include="..\..\Src\Classic\Messages\Message.cpp">
      <Filter>Messages\Source Files</Filter>
    </ClCompile>
    <ClCompile Include="..\..\Src\Classic\Components\Component.cpp">
      <Filter>Components\Source Files</Filter>
    </ClCompile>
    <ClCompile Include="..\..\Src\Classic\Entity\Entity.cpp">
      <Filter>Entity\Source Files</Filter>
    </ClCompile>
    <ClCompile Include="..\..\Src\Classic\Level\Level.cpp">
      <Filter>Level\Source Files</Filter>
    </ClCompile>
    <ClCompile Include="..\..\Src\Classic\Entity\EntityFactory.cpp">
      <Filter>Entity\Source Files</Filter>
    </ClCompile>
    <ClCompile Include="..\..\Src\Classic\Entity\EntityID.cpp">
      <Filter>Entity\Source Files</Filter>
    </ClCompile>
  </ItemGroup>
  <ItemGroup>
    <ClInclude Include="..\..\Src\Classic\Messages\Message.h">
      <Filter>Messages\Header Files</Filter>
    </ClInclude>
    <ClInclude Include="..\..\Src\Classic\Messages\NotSoSmartPointer.h">
      <Filter>Messages\Header Files</Filter>
    </ClInclude>
    <ClInclude Include="..\..\Src\Classic\Messages\MessageType.h">
      <Filter>Messages\Header Files</Filter>
    </ClInclude>
    <ClInclude Include="..\..\Src\Classic\Level\Level.h">
      <Filter>Level\Header Files</Filter>
    </ClInclude>
    <ClInclude Include="..\..\Src\Classic\Components\Component.h">
      <Filter>Components\Header Files</Filter>
    </ClInclude>
    <ClInclude Include="..\..\Src\Classic\Entity\Entity.h">
      <Filter>Entity\Header Files</Filter>
    </ClInclude>
    <ClInclude Include="..\..\Src\Classic\Entity\EntityID.h">
      <Filter>Entity\Header Files</Filter>
    </ClInclude>
    <ClInclude Include="..\..\Src\Classic\Entity\EntityFactory.h">
      <Filter>Entity\Header Files</Filter>
    </ClInclude>
    <ClInclude Include="..\..\Src\Classic\Entity\Blueprint.h">
      <Filter>Entity\Header Files</Filter>
    </ClInclude>
  </ItemGroup>
</Project>